
Microsoft Visual Studio Solution File, Format Version 12.00
# Visual Studio Version 17
VisualStudioVersion = 17.10.35027.167
MinimumVisualStudioVersion = 10.0.40219.1
Project("{2150E333-8FDC-42A3-9474-1A3956D46DE8}") = "External", "External", "{F5C59509-47B4-449A-9D1F-266027E17B4F}"
EndProject
Project("{2150E333-8FDC-42A3-9474-1A3956D46DE8}") = "src", "src", "{98F740EC-7E5A-406E-AD12-B4B322AE9FFA}"
EndProject
Project("{2150E333-8FDC-42A3-9474-1A3956D46DE8}") = "test", "test", "{6890C27B-F4DC-4781-8B74-BAE24FD0B3F3}"
EndProject
Project("{9A19103F-16F7-4668-BE54-9A1E7A4F7556}") = "HrHub.Abstraction", "src\HrHub.Abstraction\HrHub.Abstraction.csproj", "{89AA9397-67C5-4C5B-A92C-140959A102AF}"
EndProject
Project("{9A19103F-16F7-4668-BE54-9A1E7A4F7556}") = "HrHub.Application", "src\HrHub.Application\HrHub.Application.csproj", "{96A25D0F-65D7-4956-BE10-0B6D14969C9B}"
EndProject
Project("{9A19103F-16F7-4668-BE54-9A1E7A4F7556}") = "HrHub.Container", "src\HrHub.Container\HrHub.Container.csproj", "{6B98479E-93E3-41E2-BA02-554A3F8C3477}"
EndProject
Project("{9A19103F-16F7-4668-BE54-9A1E7A4F7556}") = "HrHub.Core", "src\HrHub.Core\HrHub.Core.csproj", "{AC38412A-7A5E-4795-8763-B9751F557FC1}"
EndProject
Project("{9A19103F-16F7-4668-BE54-9A1E7A4F7556}") = "HrHub.Domain", "src\HrHub.Domain\HrHub.Domain.csproj", "{AAEE417D-C024-4F1C-8FEA-C8A7B654618A}"
EndProject
Project("{9A19103F-16F7-4668-BE54-9A1E7A4F7556}") = "HrHub.Infrastructre", "src\HrHub.Infrastructre\HrHub.Infrastructre.csproj", "{3004AACD-03ED-44A1-ABE0-A7E1B16D80C6}"
EndProject
Project("{9A19103F-16F7-4668-BE54-9A1E7A4F7556}") = "HrHub.API", "src\HrHub.API\HrHub.API.csproj", "{823E19EF-29D9-4B61-A4A0-D1EB5A8FEA0F}"
EndProject
Project("{9A19103F-16F7-4668-BE54-9A1E7A4F7556}") = "HrHub.Identity", "src\HrHub.Identity\HrHub.Identity.csproj", "{02A5937C-7745-40C0-9973-9B93F04893F9}"
EndProject
Project("{9A19103F-16F7-4668-BE54-9A1E7A4F7556}") = "HrHub.Worker", "src\HrHub.Worker\HrHub.Worker\HrHub.Worker.csproj", "{9938C2C0-0FC7-4911-99EC-158610B965EE}"
EndProject
Project("{9A19103F-16F7-4668-BE54-9A1E7A4F7556}") = "HrHub.Cache", "src\HrHub.Cache\HrHub.Cache\HrHub.Cache.csproj", "{46B954C5-B86B-4F32-BBB7-88626EB603CA}"
EndProject
Project("{2150E333-8FDC-42A3-9474-1A3956D46DE8}") = "Infrastructre", "Infrastructre", "{D8E70F31-A578-4F6E-B9A6-66C4C3997F25}"
EndProject
Project("{2150E333-8FDC-42A3-9474-1A3956D46DE8}") = "Data", "Data", "{C4C4C019-1D4B-427C-8C1C-8AE88CA14441}"
EndProject
Project("{2150E333-8FDC-42A3-9474-1A3956D46DE8}") = "SolutionFiles", "SolutionFiles", "{98E32E41-864A-4999-9E84-51D67625D41A}"
EndProject
Project("{E53339B2-1760-4266-BCC7-CA923CBCF16C}") = "docker-compose", "docker-compose.dcproj", "{81DDED9D-158B-E303-5F62-77A2896D2A5A}"
EndProject
Global
	GlobalSection(SolutionConfigurationPlatforms) = preSolution
		Debug|Any CPU = Debug|Any CPU
		Release|Any CPU = Release|Any CPU
	EndGlobalSection
	GlobalSection(ProjectConfigurationPlatforms) = postSolution
		{89AA9397-67C5-4C5B-A92C-140959A102AF}.Debug|Any CPU.ActiveCfg = Debug|Any CPU
		{89AA9397-67C5-4C5B-A92C-140959A102AF}.Debug|Any CPU.Build.0 = Debug|Any CPU
		{89AA9397-67C5-4C5B-A92C-140959A102AF}.Release|Any CPU.ActiveCfg = Release|Any CPU
		{89AA9397-67C5-4C5B-A92C-140959A102AF}.Release|Any CPU.Build.0 = Release|Any CPU
		{96A25D0F-65D7-4956-BE10-0B6D14969C9B}.Debug|Any CPU.ActiveCfg = Debug|Any CPU
		{96A25D0F-65D7-4956-BE10-0B6D14969C9B}.Debug|Any CPU.Build.0 = Debug|Any CPU
		{96A25D0F-65D7-4956-BE10-0B6D14969C9B}.Release|Any CPU.ActiveCfg = Release|Any CPU
		{96A25D0F-65D7-4956-BE10-0B6D14969C9B}.Release|Any CPU.Build.0 = Release|Any CPU
		{6B98479E-93E3-41E2-BA02-554A3F8C3477}.Debug|Any CPU.ActiveCfg = Debug|Any CPU
		{6B98479E-93E3-41E2-BA02-554A3F8C3477}.Debug|Any CPU.Build.0 = Debug|Any CPU
		{6B98479E-93E3-41E2-BA02-554A3F8C3477}.Release|Any CPU.ActiveCfg = Release|Any CPU
		{6B98479E-93E3-41E2-BA02-554A3F8C3477}.Release|Any CPU.Build.0 = Release|Any CPU
		{AC38412A-7A5E-4795-8763-B9751F557FC1}.Debug|Any CPU.ActiveCfg = Debug|Any CPU
		{AC38412A-7A5E-4795-8763-B9751F557FC1}.Debug|Any CPU.Build.0 = Debug|Any CPU
		{AC38412A-7A5E-4795-8763-B9751F557FC1}.Release|Any CPU.ActiveCfg = Release|Any CPU
		{AC38412A-7A5E-4795-8763-B9751F557FC1}.Release|Any CPU.Build.0 = Release|Any CPU
		{AAEE417D-C024-4F1C-8FEA-C8A7B654618A}.Debug|Any CPU.ActiveCfg = Debug|Any CPU
		{AAEE417D-C024-4F1C-8FEA-C8A7B654618A}.Debug|Any CPU.Build.0 = Debug|Any CPU
		{AAEE417D-C024-4F1C-8FEA-C8A7B654618A}.Release|Any CPU.ActiveCfg = Release|Any CPU
		{AAEE417D-C024-4F1C-8FEA-C8A7B654618A}.Release|Any CPU.Build.0 = Release|Any CPU
		{3004AACD-03ED-44A1-ABE0-A7E1B16D80C6}.Debug|Any CPU.ActiveCfg = Debug|Any CPU
		{3004AACD-03ED-44A1-ABE0-A7E1B16D80C6}.Debug|Any CPU.Build.0 = Debug|Any CPU
		{3004AACD-03ED-44A1-ABE0-A7E1B16D80C6}.Release|Any CPU.ActiveCfg = Release|Any CPU
		{3004AACD-03ED-44A1-ABE0-A7E1B16D80C6}.Release|Any CPU.Build.0 = Release|Any CPU
		{823E19EF-29D9-4B61-A4A0-D1EB5A8FEA0F}.Debug|Any CPU.ActiveCfg = Debug|Any CPU
		{823E19EF-29D9-4B61-A4A0-D1EB5A8FEA0F}.Debug|Any CPU.Build.0 = Debug|Any CPU
		{823E19EF-29D9-4B61-A4A0-D1EB5A8FEA0F}.Release|Any CPU.ActiveCfg = Release|Any CPU
		{823E19EF-29D9-4B61-A4A0-D1EB5A8FEA0F}.Release|Any CPU.Build.0 = Release|Any CPU
		{02A5937C-7745-40C0-9973-9B93F04893F9}.Debug|Any CPU.ActiveCfg = Debug|Any CPU
		{02A5937C-7745-40C0-9973-9B93F04893F9}.Debug|Any CPU.Build.0 = Debug|Any CPU
		{02A5937C-7745-40C0-9973-9B93F04893F9}.Release|Any CPU.ActiveCfg = Release|Any CPU
		{02A5937C-7745-40C0-9973-9B93F04893F9}.Release|Any CPU.Build.0 = Release|Any CPU
		{9938C2C0-0FC7-4911-99EC-158610B965EE}.Debug|Any CPU.ActiveCfg = Debug|Any CPU
		{9938C2C0-0FC7-4911-99EC-158610B965EE}.Debug|Any CPU.Build.0 = Debug|Any CPU
		{9938C2C0-0FC7-4911-99EC-158610B965EE}.Release|Any CPU.ActiveCfg = Release|Any CPU
		{9938C2C0-0FC7-4911-99EC-158610B965EE}.Release|Any CPU.Build.0 = Release|Any CPU
		{46B954C5-B86B-4F32-BBB7-88626EB603CA}.Debug|Any CPU.ActiveCfg = Debug|Any CPU
		{46B954C5-B86B-4F32-BBB7-88626EB603CA}.Debug|Any CPU.Build.0 = Debug|Any CPU
		{46B954C5-B86B-4F32-BBB7-88626EB603CA}.Release|Any CPU.ActiveCfg = Release|Any CPU
		{46B954C5-B86B-4F32-BBB7-88626EB603CA}.Release|Any CPU.Build.0 = Release|Any CPU
		{81DDED9D-158B-E303-5F62-77A2896D2A5A}.Debug|Any CPU.ActiveCfg = Debug|Any CPU
		{81DDED9D-158B-E303-5F62-77A2896D2A5A}.Debug|Any CPU.Build.0 = Debug|Any CPU
		{81DDED9D-158B-E303-5F62-77A2896D2A5A}.Release|Any CPU.ActiveCfg = Release|Any CPU
		{81DDED9D-158B-E303-5F62-77A2896D2A5A}.Release|Any CPU.Build.0 = Release|Any CPU
	EndGlobalSection
	GlobalSection(SolutionProperties) = preSolution
		HideSolutionNode = FALSE
	EndGlobalSection
	GlobalSection(NestedProjects) = preSolution
		{89AA9397-67C5-4C5B-A92C-140959A102AF} = {D8E70F31-A578-4F6E-B9A6-66C4C3997F25}
		{96A25D0F-65D7-4956-BE10-0B6D14969C9B} = {C4C4C019-1D4B-427C-8C1C-8AE88CA14441}
		{6B98479E-93E3-41E2-BA02-554A3F8C3477} = {C4C4C019-1D4B-427C-8C1C-8AE88CA14441}
		{AC38412A-7A5E-4795-8763-B9751F557FC1} = {D8E70F31-A578-4F6E-B9A6-66C4C3997F25}
		{AAEE417D-C024-4F1C-8FEA-C8A7B654618A} = {C4C4C019-1D4B-427C-8C1C-8AE88CA14441}
		{3004AACD-03ED-44A1-ABE0-A7E1B16D80C6} = {C4C4C019-1D4B-427C-8C1C-8AE88CA14441}
		{823E19EF-29D9-4B61-A4A0-D1EB5A8FEA0F} = {C4C4C019-1D4B-427C-8C1C-8AE88CA14441}
		{02A5937C-7745-40C0-9973-9B93F04893F9} = {D8E70F31-A578-4F6E-B9A6-66C4C3997F25}
		{9938C2C0-0FC7-4911-99EC-158610B965EE} = {D8E70F31-A578-4F6E-B9A6-66C4C3997F25}
		{46B954C5-B86B-4F32-BBB7-88626EB603CA} = {D8E70F31-A578-4F6E-B9A6-66C4C3997F25}
		{D8E70F31-A578-4F6E-B9A6-66C4C3997F25} = {98F740EC-7E5A-406E-AD12-B4B322AE9FFA}
		{C4C4C019-1D4B-427C-8C1C-8AE88CA14441} = {98F740EC-7E5A-406E-AD12-B4B322AE9FFA}
	EndGlobalSection
	GlobalSection(ExtensibilityGlobals) = postSolution
		SolutionGuid = {768E09F3-C7A2-46F7-9020-E86F2B6A6985}
	EndGlobalSection
EndGlobal
